# This file is autogenerated, do not edit; changes may be undone by the next 'dep ensure'.


[[projects]]
  branch = "master"
  digest = "1:34f29823dab18aa297240a3ac46711482bb603e447bf1e395c4e8d5338301853"
  name = "github.com/bitrise-community/steps-cordova-archive"
  packages = ["cordova"]
  pruneopts = "UT"
  revision = "3095639b003c278870bdba1c67dd8c1f1bdb76c3"

[[projects]]
  branch = "master"
  digest = "1:36004791ce19a24a42bac3052e62592ae99e1b953340d5f4c6e8e1ca5202bfe9"
  name = "github.com/bitrise-community/steps-ionic-archive"
  packages = ["jsdependency"]
  pruneopts = "UT"
  revision = "7869644a568b04e31b29def8df7233b3a9466ea8"

[[projects]]
  branch = "master"
  digest = "1:540197e862f6636ae91ab877d55ac9c44d3b147c407a5db134d3cbb5f8178c1e"
  name = "github.com/bitrise-io/go-utils"
  packages = [
    "colorstring",
    "command",
    "errorutil",
    "log",
    "parseutil",
    "pathutil",
    "pointers",
  ]
  pruneopts = "UT"
  revision = "2a09aab8380d7842750328aebd5671bcccea89c8"

[[projects]]
  branch = "master"
  digest = "1:dacd83ec550d6d5c2ac83e57f20d45a25a39d79c73be4451771f92572a1f6344"
  name = "github.com/bitrise-tools/go-steputils"
  packages = ["stepconf"]
  pruneopts = "UT"
  revision = "ec226b2359fcd806be64f0ad2217d8e741a1ff11"

[solve-meta]
  analyzer-name = "dep"
  analyzer-version = 1
  input-imports = [
    "github.com/bitrise-community/steps-cordova-archive/cordova",
    "github.com/bitrise-community/steps-ionic-archive/jsdependency",
    "github.com/bitrise-io/go-utils/colorstring",
    "github.com/bitrise-io/go-utils/errorutil",
    "github.com/bitrise-io/go-utils/log",
    "github.com/bitrise-io/go-utils/pathutil",
    "github.com/bitrise-tools/go-steputils/stepconf",
  ]
  solver-name = "gps-cdcl"
  solver-version = 1
