# This file is autogenerated, do not edit; changes may be undone by the next 'dep ensure'.


[[projects]]
  branch = "master"
  name = "github.com/bitrise-io/go-utils"
  packages = [
    "colorstring",
    "log",
    "parseutil",
    "pointers"
  ]
  revision = "b33f6bcef9b50045d7e62364b354584afc3ee329"

[[projects]]
  branch = "value-opts-with-comma"
  name = "github.com/bitrise-tools/go-steputils"
  packages = ["stepconf"]
  revision = "74644745e9b5ca0532310b8dac92765a9926f4d4"

[solve-meta]
  analyzer-name = "dep"
  analyzer-version = 1
  inputs-digest = "a0bca772b654bcdcfddf3f2b38ed1e8bb388c1c900da07d346cdc63f05905c44"
  solver-name = "gps-cdcl"
  solver-version = 1
